<?xml version="1.0" encoding="utf-8"?>
<Project ToolsVersion="4.0" xmlns="http://schemas.microsoft.com/developer/msbuild/2003">
  <ItemGroup>
    <Filter Include="Animations">
      <UniqueIdentifier>{c86940fb-8a22-418b-88e5-ef38865ea864}</UniqueIdentifier>
    </Filter>
    <Filter Include="BaseObjects">
      <UniqueIdentifier>{631f5a80-5702-47be-9d91-d8dae3352a53}</UniqueIdentifier>
    </Filter>
    <Filter Include="Enemies">
      <UniqueIdentifier>{5f6d7f03-6613-423e-b920-c0b7fbfaec39}</UniqueIdentifier>
    </Filter>
    <Filter Include="Entities">
      <UniqueIdentifier>{899b0a44-a1f4-490f-b4c0-77f0d97567e6}</UniqueIdentifier>
    </Filter>
    <Filter Include="Game">
      <UniqueIdentifier>{a4e02d86-25bd-4821-a1b0-7349809b2792}</UniqueIdentifier>
    </Filter>
    <Filter Include="HUD">
      <UniqueIdentifier>{32e84d80-562c-46df-aab6-887eeb4f99e6}</UniqueIdentifier>
    </Filter>
    <Filter Include="Managers">
      <UniqueIdentifier>{afe15813-e0da-4a5a-aa81-98da66781f04}</UniqueIdentifier>
    </Filter>
    <Filter Include="Pickups">
      <UniqueIdentifier>{8cad56c4-b37d-45eb-89a8-7e7f2b6911c7}</UniqueIdentifier>
    </Filter>
  </ItemGroup>
  <ItemGroup>
    <ClCompile Include="..\GameFiles\CheckPointBg.cpp">
      <Filter>Animations</Filter>
    </ClCompile>
    <ClCompile Include="..\GameFiles\RotLight.cpp">
      <Filter>Animations</Filter>
    </ClCompile>
    <ClCompile Include="..\GameFiles\AttackBeam.cpp">
      <Filter>Animations</Filter>
    </ClCompile>
    <ClCompile Include="..\GameFiles\Animation.cpp">
      <Filter>Animations</Filter>
    </ClCompile>
    <ClCompile Include="..\GameFiles\CombRotLightCpBg.cpp">
      <Filter>Animations</Filter>
    </ClCompile>
    <ClCompile Include="..\GameFiles\Trail.cpp">
      <Filter>Animations</Filter>
    </ClCompile>
    <ClCompile Include="..\GameFiles\EntityDestroy.cpp">
      <Filter>Animations</Filter>
    </ClCompile>
    <ClCompile Include="..\GameFiles\Slider.cpp">
      <Filter>BaseObjects</Filter>
    </ClCompile>
    <ClCompile Include="..\GameFiles\EnemyShooter.cpp">
      <Filter>Enemies</Filter>
    </ClCompile>
    <ClCompile Include="..\GameFiles\EnemyRotater.cpp">
      <Filter>Enemies</Filter>
    </ClCompile>
    <ClCompile Include="..\GameFiles\EnemyHorizontal.cpp">
      <Filter>Enemies</Filter>
    </ClCompile>
    <ClCompile Include="..\GameFiles\EnemyRocketLauncher.cpp">
      <Filter>Enemies</Filter>
    </ClCompile>
    <ClCompile Include="..\GameFiles\EnemyRocket.cpp">
      <Filter>Enemies</Filter>
    </ClCompile>
    <ClCompile Include="..\GameFiles\EnemyLaser.cpp">
      <Filter>Enemies</Filter>
    </ClCompile>
    <ClCompile Include="..\GameFiles\Slicer.cpp">
      <Filter>Enemies</Filter>
    </ClCompile>
    <ClCompile Include="..\GameFiles\Arrow.cpp">
      <Filter>Entities</Filter>
    </ClCompile>
    <ClCompile Include="..\GameFiles\Avatar.cpp">
      <Filter>Entities</Filter>
    </ClCompile>
    <ClCompile Include="..\GameFiles\Bullet.cpp">
      <Filter>Entities</Filter>
    </ClCompile>
    <ClCompile Include="..\GameFiles\CheckPoint.cpp">
      <Filter>Entities</Filter>
    </ClCompile>
    <ClCompile Include="..\GameFiles\Teleport.cpp">
      <Filter>Entities</Filter>
    </ClCompile>
    <ClCompile Include="..\GameFiles\LevelEnd.cpp">
      <Filter>Entities</Filter>
    </ClCompile>
    <ClCompile Include="..\GameFiles\BlockSlide.cpp">
      <Filter>Entities</Filter>
    </ClCompile>
    <ClCompile Include="..\GameFiles\Gate.cpp">
      <Filter>Entities</Filter>
    </ClCompile>
    <ClCompile Include="..\GameFiles\ArrowShooter.cpp">
      <Filter>Entities</Filter>
    </ClCompile>
    <ClCompile Include="..\GameFiles\MetalFans.cpp">
      <Filter>Entities</Filter>
    </ClCompile>
    <ClCompile Include="..\GameFiles\StickyWall.cpp">
      <Filter>Entities</Filter>
    </ClCompile>
    <ClCompile Include="..\GameFiles\Lever.cpp">
      <Filter>Entities</Filter>
    </ClCompile>
    <ClCompile Include="..\GameFiles\NpcHinter.cpp">
      <Filter>Entities</Filter>
    </ClCompile>
    <ClCompile Include="..\GameFiles\Camera.cpp">
      <Filter>Game</Filter>
    </ClCompile>
    <ClCompile Include="..\GameFiles\Level.cpp">
      <Filter>Game</Filter>
    </ClCompile>
    <ClCompile Include="..\GameFiles\CameraTrigger.cpp">
      <Filter>Game</Filter>
    </ClCompile>
    <ClCompile Include="..\GameFiles\CameraTriggerRotate.cpp">
      <Filter>Game</Filter>
    </ClCompile>
    <ClCompile Include="..\GameFiles\TriggerList.cpp">
      <Filter>Game</Filter>
    </ClCompile>
    <ClCompile Include="..\GameFiles\HUD.cpp">
      <Filter>HUD</Filter>
    </ClCompile>
    <ClCompile Include="..\GameFiles\BitmapManager.cpp">
      <Filter>Managers</Filter>
    </ClCompile>
    <ClCompile Include="..\GameFiles\CoinList.cpp">
      <Filter>Managers</Filter>
    </ClCompile>
    <ClCompile Include="..\GameFiles\AttackBeamList.cpp">
      <Filter>Managers</Filter>
    </ClCompile>
    <ClCompile Include="..\GameFiles\EntityList.cpp">
      <Filter>Managers</Filter>
    </ClCompile>
    <ClCompile Include="..\GameFiles\SoundManager.cpp">
      <Filter>Managers</Filter>
    </ClCompile>
    <ClCompile Include="..\GameFiles\EnemyList.cpp">
      <Filter>Managers</Filter>
    </ClCompile>
    <ClCompile Include="..\GameFiles\AnimationList.cpp">
      <Filter>Managers</Filter>
    </ClCompile>
    <ClCompile Include="..\GameFiles\LevelList.cpp">
      <Filter>Managers</Filter>
    </ClCompile>
    <ClCompile Include="..\GameFiles\FileManager.cpp">
      <Filter>Managers</Filter>
    </ClCompile>
    <ClCompile Include="..\GameFiles\Coin.cpp">
      <Filter>Pickups</Filter>
    </ClCompile>
    <ClCompile Include="..\GameFiles\PickUp.cpp">
      <Filter>Pickups</Filter>
    </ClCompile>
    <ClCompile Include="..\GameFiles\ElectronicJonaJoy.cpp" />
    <ClCompile Include="..\GameFiles\Enemy.cpp" />
    <ClCompile Include="..\GameFiles\Entity.cpp" />
    <ClCompile Include="..\GameFiles\Game.cpp" />
    <ClCompile Include="..\GameFiles\Sprite.cpp" />
    <ClCompile Include="..\GameFiles\StartMenu.cpp" />
    <ClCompile Include="stdafx.cpp" />
    <ClCompile Include="..\GameFiles\GameWinMain.cpp" />
  </ItemGroup>
  <ItemGroup>
    <ClInclude Include="..\GameFiles\CheckPointBg.h">
      <Filter>Animations</Filter>
    </ClInclude>
    <ClInclude Include="..\GameFiles\RotLight.h">
      <Filter>Animations</Filter>
    </ClInclude>
    <ClInclude Include="..\GameFiles\AttackBeam.h">
      <Filter>Animations</Filter>
    </ClInclude>
    <ClInclude Include="..\GameFiles\Animation.h">
      <Filter>Animations</Filter>
    </ClInclude>
    <ClInclude Include="..\GameFiles\CombRotLightCpBg.h">
      <Filter>Animations</Filter>
    </ClInclude>
    <ClInclude Include="..\GameFiles\Trail.h">
      <Filter>Animations</Filter>
    </ClInclude>
    <ClInclude Include="..\GameFiles\EntityDestroy.h">
      <Filter>Animations</Filter>
    </ClInclude>
    <ClInclude Include="..\GameFiles\Slider.h">
      <Filter>BaseObjects</Filter>
    </ClInclude>
    <ClInclude Include="..\GameFiles\EnemyShooter.h">
      <Filter>Enemies</Filter>
    </ClInclude>
    <ClInclude Include="..\GameFiles\EnemyRotater.h">
      <Filter>Enemies</Filter>
    </ClInclude>
    <ClInclude Include="..\GameFiles\EnemyHorizontal.h">
      <Filter>Enemies</Filter>
    </ClInclude>
    <ClInclude Include="..\GameFiles\EnemyRocketLauncher.h">
      <Filter>Enemies</Filter>
    </ClInclude>
    <ClInclude Include="..\GameFiles\EnemyRocket.h">
      <Filter>Enemies</Filter>
    </ClInclude>
    <ClInclude Include="..\GameFiles\EnemyLaser.h">
      <Filter>Enemies</Filter>
    </ClInclude>
    <ClInclude Include="..\GameFiles\Slicer.h">
      <Filter>Enemies</Filter>
    </ClInclude>
    <ClInclude Include="..\GameFiles\Arrow.h">
      <Filter>Entities</Filter>
    </ClInclude>
    <ClInclude Include="..\GameFiles\Avatar.h">
      <Filter>Entities</Filter>
    </ClInclude>
    <ClInclude Include="..\GameFiles\Bullet.h">
      <Filter>Entities</Filter>
    </ClInclude>
    <ClInclude Include="..\GameFiles\CheckPoint.h">
      <Filter>Entities</Filter>
    </ClInclude>
    <ClInclude Include="..\GameFiles\Teleport.h">
      <Filter>Entities</Filter>
    </ClInclude>
    <ClInclude Include="..\GameFiles\LevelEnd.h">
      <Filter>Entities</Filter>
    </ClInclude>
    <ClInclude Include="..\GameFiles\BlockSlide.h">
      <Filter>Entities</Filter>
    </ClInclude>
    <ClInclude Include="..\GameFiles\Gate.h">
      <Filter>Entities</Filter>
    </ClInclude>
    <ClInclude Include="..\GameFiles\ArrowShooter.h">
      <Filter>Entities</Filter>
    </ClInclude>
    <ClInclude Include="..\GameFiles\MetalFans.h">
      <Filter>Entities</Filter>
    </ClInclude>
    <ClInclude Include="..\GameFiles\StickyWall.h">
      <Filter>Entities</Filter>
    </ClInclude>
    <ClInclude Include="..\GameFiles\Lever.h">
      <Filter>Entities</Filter>
    </ClInclude>
    <ClInclude Include="..\GameFiles\NpcHinter.h">
      <Filter>Entities</Filter>
    </ClInclude>
    <ClInclude Include="..\GameFiles\Camera.h">
      <Filter>Game</Filter>
    </ClInclude>
    <ClInclude Include="..\GameFiles\Level.h">
      <Filter>Game</Filter>
    </ClInclude>
    <ClInclude Include="..\GameFiles\CameraTrigger.h">
      <Filter>Game</Filter>
    </ClInclude>
    <ClInclude Include="..\GameFiles\CameraTriggerRotate.h">
      <Filter>Game</Filter>
    </ClInclude>
    <ClInclude Include="..\GameFiles\TriggerList.h">
      <Filter>Game</Filter>
    </ClInclude>
    <ClInclude Include="..\GameFiles\HUD.h">
      <Filter>HUD</Filter>
    </ClInclude>
    <ClInclude Include="..\GameFiles\BitmapManager.h">
      <Filter>Managers</Filter>
    </ClInclude>
    <ClInclude Include="..\GameFiles\CoinList.h">
      <Filter>Managers</Filter>
    </ClInclude>
    <ClInclude Include="..\GameFiles\AttackBeamList.h">
      <Filter>Managers</Filter>
    </ClInclude>
    <ClInclude Include="..\GameFiles\EntityList.h">
      <Filter>Managers</Filter>
    </ClInclude>
    <ClInclude Include="..\GameFiles\SoundManager.h">
      <Filter>Managers</Filter>
    </ClInclude>
    <ClInclude Include="..\GameFiles\EnemyList.h">
      <Filter>Managers</Filter>
    </ClInclude>
    <ClInclude Include="..\GameFiles\AnimationList.h">
      <Filter>Managers</Filter>
    </ClInclude>
    <ClInclude Include="..\GameFiles\LevelList.h">
      <Filter>Managers</Filter>
    </ClInclude>
    <ClInclude Include="..\GameFiles\FileManager.h">
      <Filter>Managers</Filter>
    </ClInclude>
    <ClInclude Include="..\GameFiles\Coin.h">
      <Filter>Pickups</Filter>
    </ClInclude>
    <ClInclude Include="..\GameFiles\PickUp.h">
      <Filter>Pickups</Filter>
    </ClInclude>
    <ClInclude Include="..\GameFiles\ElectronicJonaJoy.h" />
    <ClInclude Include="..\GameFiles\Enemy.h" />
    <ClInclude Include="..\GameFiles\Entity.h" />
    <ClInclude Include="..\GameFiles\Game.h" />
    <ClInclude Include="..\GameFiles\Sprite.h" />
    <ClInclude Include="..\GameFiles\StartMenu.h" />
    <ClInclude Include="stdafx.h" />
    <ClInclude Include="..\config.h" />
    <ClInclude Include="..\GameFiles\GameWinMain.h" />
  </ItemGroup>
</Project>